
Microsoft Visual Studio Solution File, Format Version 12.00
# Visual Studio Version 17
VisualStudioVersion = 17.0.31903.59
MinimumVisualStudioVersion = 10.0.40219.1
Project("{FAE04EC0-301F-11D3-BF4B-00C04F79EFBC}") = "RestaurantBill.WebAPI", "RestaurantBill.WebAPI\RestaurantBill.WebAPI.csproj", "{ADDADCFB-FD79-4517-BDAB-BA7287C2AD0C}"
EndProject
Project("{FAE04EC0-301F-11D3-BF4B-00C04F79EFBC}") = "RestaurantBill.Application", "RestaurantBill.Application\RestaurantBill.Application.csproj", "{15B4D496-37F0-42D8-9280-287FB9D3E2B3}"
EndProject
Project("{FAE04EC0-301F-11D3-BF4B-00C04F79EFBC}") = "RestaurantBill.Domain", "RestaurantBill.Domain\RestaurantBill.Domain.csproj", "{B999E359-784C-43B7-AE5F-35BF4AB476A6}"
EndProject
Project("{FAE04EC0-301F-11D3-BF4B-00C04F79EFBC}") = "RestaurantBill.Infrastructure", "RestaurantBill.Infrastructure\RestaurantBill.Infrastructure.csproj", "{9AD0C370-DE73-428A-A243-90160F089E6E}"
EndProject
Project("{FAE04EC0-301F-11D3-BF4B-00C04F79EFBC}") = "RestaurantBill.Persistence", "RestaurantBill.Persistence\RestaurantBill.Persistence.csproj", "{7EC4BAFA-18D0-43EF-9AE1-7500F5B74219}"
EndProject
Project("{FAE04EC0-301F-11D3-BF4B-00C04F79EFBC}") = "RestaurantBill.Application.Tests", "RestaurantBill.Application.Tests\RestaurantBill.Application.Tests.csproj", "{0E6E4CC1-A196-4109-B61C-26FE2CA674B8}"
EndProject
Global
	GlobalSection(SolutionConfigurationPlatforms) = preSolution
		Debug|Any CPU = Debug|Any CPU
		Release|Any CPU = Release|Any CPU
	EndGlobalSection
	GlobalSection(SolutionProperties) = preSolution
		HideSolutionNode = FALSE
	EndGlobalSection
	GlobalSection(ProjectConfigurationPlatforms) = postSolution
		{ADDADCFB-FD79-4517-BDAB-BA7287C2AD0C}.Debug|Any CPU.ActiveCfg = Debug|Any CPU
		{ADDADCFB-FD79-4517-BDAB-BA7287C2AD0C}.Debug|Any CPU.Build.0 = Debug|Any CPU
		{ADDADCFB-FD79-4517-BDAB-BA7287C2AD0C}.Release|Any CPU.ActiveCfg = Release|Any CPU
		{ADDADCFB-FD79-4517-BDAB-BA7287C2AD0C}.Release|Any CPU.Build.0 = Release|Any CPU
		{15B4D496-37F0-42D8-9280-287FB9D3E2B3}.Debug|Any CPU.ActiveCfg = Debug|Any CPU
		{15B4D496-37F0-42D8-9280-287FB9D3E2B3}.Debug|Any CPU.Build.0 = Debug|Any CPU
		{15B4D496-37F0-42D8-9280-287FB9D3E2B3}.Release|Any CPU.ActiveCfg = Release|Any CPU
		{15B4D496-37F0-42D8-9280-287FB9D3E2B3}.Release|Any CPU.Build.0 = Release|Any CPU
		{B999E359-784C-43B7-AE5F-35BF4AB476A6}.Debug|Any CPU.ActiveCfg = Debug|Any CPU
		{B999E359-784C-43B7-AE5F-35BF4AB476A6}.Debug|Any CPU.Build.0 = Debug|Any CPU
		{B999E359-784C-43B7-AE5F-35BF4AB476A6}.Release|Any CPU.ActiveCfg = Release|Any CPU
		{B999E359-784C-43B7-AE5F-35BF4AB476A6}.Release|Any CPU.Build.0 = Release|Any CPU
		{9AD0C370-DE73-428A-A243-90160F089E6E}.Debug|Any CPU.ActiveCfg = Debug|Any CPU
		{9AD0C370-DE73-428A-A243-90160F089E6E}.Debug|Any CPU.Build.0 = Debug|Any CPU
		{9AD0C370-DE73-428A-A243-90160F089E6E}.Release|Any CPU.ActiveCfg = Release|Any CPU
		{9AD0C370-DE73-428A-A243-90160F089E6E}.Release|Any CPU.Build.0 = Release|Any CPU
		{7EC4BAFA-18D0-43EF-9AE1-7500F5B74219}.Debug|Any CPU.ActiveCfg = Debug|Any CPU
		{7EC4BAFA-18D0-43EF-9AE1-7500F5B74219}.Debug|Any CPU.Build.0 = Debug|Any CPU
		{7EC4BAFA-18D0-43EF-9AE1-7500F5B74219}.Release|Any CPU.ActiveCfg = Release|Any CPU
		{7EC4BAFA-18D0-43EF-9AE1-7500F5B74219}.Release|Any CPU.Build.0 = Release|Any CPU
		{0E6E4CC1-A196-4109-B61C-26FE2CA674B8}.Debug|Any CPU.ActiveCfg = Debug|Any CPU
		{0E6E4CC1-A196-4109-B61C-26FE2CA674B8}.Debug|Any CPU.Build.0 = Debug|Any CPU
		{0E6E4CC1-A196-4109-B61C-26FE2CA674B8}.Release|Any CPU.ActiveCfg = Release|Any CPU
		{0E6E4CC1-A196-4109-B61C-26FE2CA674B8}.Release|Any CPU.Build.0 = Release|Any CPU
	EndGlobalSection
EndGlobal
